
Microsoft Visual Studio Solution File, Format Version 12.00
# Visual Studio Version 18
VisualStudioVersion = 18.0.11205.157
MinimumVisualStudioVersion = 10.0.40219.1
Project("{FAE04EC0-301F-11D3-BF4B-00C04F79EFBC}") = "FinancesTracker", "FinancesTracker\FinancesTracker.csproj", "{F386FE5E-60C7-4C57-B00A-E304225D1E80}"
EndProject
Project("{FAE04EC0-301F-11D3-BF4B-00C04F79EFBC}") = "FinancesTracker.Client", "FinancesTracker.Client\FinancesTracker.Client.csproj", "{2218E62D-0BC2-4467-A28A-3D4C03244A0E}"
EndProject
Project("{2150E333-8FDC-42A3-9474-1A3956D46DE8}") = "Solution Items", "Solution Items", "{8EC462FD-D22E-90A8-E5CE-7E832BA40C5D}"
	ProjectSection(SolutionItems) = preProject
		style-guide.md = style-guide.md
	EndProjectSection
EndProject
Project("{FAE04EC0-301F-11D3-BF4B-00C04F79EFBC}") = "FinancesTracker.Shared", "FinancesTracker.Shared\FinancesTracker.Shared.csproj", "{EBF4A3FE-3B30-494D-AC32-785EFE72A7DE}"
EndProject
Project("{FAE04EC0-301F-11D3-BF4B-00C04F79EFBC}") = "FinancesTracker.Tests", "FinancesTracker.Tests\FinancesTracker.Tests.csproj", "{9E12F3FE-57F1-4D5A-A337-E887465564A8}"
EndProject
Global
	GlobalSection(SolutionConfigurationPlatforms) = preSolution
		Debug|Any CPU = Debug|Any CPU
		Release|Any CPU = Release|Any CPU
	EndGlobalSection
	GlobalSection(ProjectConfigurationPlatforms) = postSolution
		{F386FE5E-60C7-4C57-B00A-E304225D1E80}.Debug|Any CPU.ActiveCfg = Debug|Any CPU
		{F386FE5E-60C7-4C57-B00A-E304225D1E80}.Debug|Any CPU.Build.0 = Debug|Any CPU
		{F386FE5E-60C7-4C57-B00A-E304225D1E80}.Release|Any CPU.ActiveCfg = Release|Any CPU
		{F386FE5E-60C7-4C57-B00A-E304225D1E80}.Release|Any CPU.Build.0 = Release|Any CPU
		{2218E62D-0BC2-4467-A28A-3D4C03244A0E}.Debug|Any CPU.ActiveCfg = Debug|Any CPU
		{2218E62D-0BC2-4467-A28A-3D4C03244A0E}.Debug|Any CPU.Build.0 = Debug|Any CPU
		{2218E62D-0BC2-4467-A28A-3D4C03244A0E}.Release|Any CPU.ActiveCfg = Release|Any CPU
		{2218E62D-0BC2-4467-A28A-3D4C03244A0E}.Release|Any CPU.Build.0 = Release|Any CPU
		{EBF4A3FE-3B30-494D-AC32-785EFE72A7DE}.Debug|Any CPU.ActiveCfg = Debug|Any CPU
		{EBF4A3FE-3B30-494D-AC32-785EFE72A7DE}.Debug|Any CPU.Build.0 = Debug|Any CPU
		{EBF4A3FE-3B30-494D-AC32-785EFE72A7DE}.Release|Any CPU.ActiveCfg = Release|Any CPU
		{EBF4A3FE-3B30-494D-AC32-785EFE72A7DE}.Release|Any CPU.Build.0 = Release|Any CPU
		{9E12F3FE-57F1-4D5A-A337-E887465564A8}.Debug|Any CPU.ActiveCfg = Debug|Any CPU
		{9E12F3FE-57F1-4D5A-A337-E887465564A8}.Debug|Any CPU.Build.0 = Debug|Any CPU
		{9E12F3FE-57F1-4D5A-A337-E887465564A8}.Release|Any CPU.ActiveCfg = Release|Any CPU
		{9E12F3FE-57F1-4D5A-A337-E887465564A8}.Release|Any CPU.Build.0 = Release|Any CPU
	EndGlobalSection
	GlobalSection(SolutionProperties) = preSolution
		HideSolutionNode = FALSE
	EndGlobalSection
	GlobalSection(ExtensibilityGlobals) = postSolution
		SolutionGuid = {D71D55EE-A250-4B5D-AB7D-65FE61C6C5B7}
	EndGlobalSection
EndGlobal
